
Microsoft Visual Studio Solution File, Format Version 12.00
# Visual Studio 2015
Project("{FAE04EC0-301F-11D3-BF4B-00C04F79EFBC}") = "JapanTest.CSharp", "JapanTest.CSharp.csproj", "{3885041A-5FC6-E427-21C8-0CA4086F298E}"
EndProject
Global
	GlobalSection(SolutionConfigurationPlatforms) = preSolution
		Debug|Any CPU = Debug|Any CPU
		Release|Any CPU = Release|Any CPU
	EndGlobalSection
	GlobalSection(ProjectConfigurationPlatforms) = postSolution
		{3885041A-5FC6-E427-21C8-0CA4086F298E}.Debug|Any CPU.ActiveCfg = Debug|Any CPU
		{3885041A-5FC6-E427-21C8-0CA4086F298E}.Debug|Any CPU.Build.0 = Debug|Any CPU
		{3885041A-5FC6-E427-21C8-0CA4086F298E}.Release|Any CPU.ActiveCfg = Release|Any CPU
		{3885041A-5FC6-E427-21C8-0CA4086F298E}.Release|Any CPU.Build.0 = Release|Any CPU
	EndGlobalSection
	GlobalSection(SolutionProperties) = preSolution
		HideSolutionNode = FALSE
	EndGlobalSection
EndGlobal
